{
  "name": "storybook-addon-code-display-ts",
  "version": "1.0.0",
  "lockfileVersion": 3,
  "requires": true,
  "packages": {
    "": {
      "name": "storybook-addon-code-display-ts",
      "version": "1.0.0",
      "license": "ISC",
      "dependencies": {
        "@storybook/addons": "^7.4.2",
        "@storybook/api": "^7.4.2",
        "@storybook/components": "^7.4.2",
        "react": "^18.2.0",
        "react-syntax-highlighter": "^15.5.0"
      }
    },
    "node_modules/@babel/helper-string-parser": {
      "version": "7.22.5",
      "license": "MIT",
      "engines": {
        "node": ">=6.9.0"
      }
    },
    "node_modules/@babel/helper-validator-identifier": {
      "version": "7.22.20",
      "license": "MIT",
      "engines": {
        "node": ">=6.9.0"
      }
    },
    "node_modules/@babel/parser": {
      "version": "7.22.16",
      "license": "MIT",
      "bin": {
        "parser": "bin/babel-parser.js"
      },
      "engines": {
        "node": ">=6.0.0"
      }
    },
    "node_modules/@babel/runtime": {
      "version": "7.22.15",
      "license": "MIT",
      "dependencies": {
        "regenerator-runtime": "^0.14.0"
      },
      "engines": {
        "node": ">=6.9.0"
      }
    },
    "node_modules/@babel/types": {
      "version": "7.22.19",
      "license": "MIT",
      "dependencies": {
        "@babel/helper-string-parser": "^7.22.5",
        "@babel/helper-validator-identifier": "^7.22.19",
        "to-fast-properties": "^2.0.0"
      },
      "engines": {
        "node": ">=6.9.0"
      }
    },
    "node_modules/@emotion/use-insertion-effect-with-fallbacks": {
      "version": "1.0.1",
      "license": "MIT",
      "peerDependencies": {
        "react": ">=16.8.0"
      }
    },
    "node_modules/@floating-ui/core": {
      "version": "1.5.0",
      "license": "MIT",
      "dependencies": {
        "@floating-ui/utils": "^0.1.3"
      }
    },
    "node_modules/@floating-ui/dom": {
      "version": "1.5.3",
      "license": "MIT",
      "dependencies": {
        "@floating-ui/core": "^1.4.2",
        "@floating-ui/utils": "^0.1.3"
      }
    },
    "node_modules/@floating-ui/react-dom": {
      "version": "2.0.2",
      "license": "MIT",
      "dependencies": {
        "@floating-ui/dom": "^1.5.1"
      },
      "peerDependencies": {
        "react": ">=16.8.0",
        "react-dom": ">=16.8.0"
      }
    },
    "node_modules/@floating-ui/utils": {
      "version": "0.1.4",
      "license": "MIT"
    },
    "node_modules/@juggle/resize-observer": {
      "version": "3.4.0",
      "license": "Apache-2.0"
    },
    "node_modules/@radix-ui/number": {
      "version": "1.0.1",
      "license": "MIT",
      "dependencies": {
        "@babel/runtime": "^7.13.10"
      }
    },
    "node_modules/@radix-ui/primitive": {
      "version": "1.0.1",
      "license": "MIT",
      "dependencies": {
        "@babel/runtime": "^7.13.10"
      }
    },
    "node_modules/@radix-ui/react-arrow": {
      "version": "1.0.3",
      "license": "MIT",
      "dependencies": {
        "@babel/runtime": "^7.13.10",
        "@radix-ui/react-primitive": "1.0.3"
      },
      "peerDependencies": {
        "@types/react": "*",
        "@types/react-dom": "*",
        "react": "^16.8 || ^17.0 || ^18.0",
        "react-dom": "^16.8 || ^17.0 || ^18.0"
      },
      "peerDependenciesMeta": {
        "@types/react": {
          "optional": true
        },
        "@types/react-dom": {
          "optional": true
        }
      }
    },
    "node_modules/@radix-ui/react-collection": {
      "version": "1.0.3",
      "license": "MIT",
      "dependencies": {
        "@babel/runtime": "^7.13.10",
        "@radix-ui/react-compose-refs": "1.0.1",
        "@radix-ui/react-context": "1.0.1",
        "@radix-ui/react-primitive": "1.0.3",
        "@radix-ui/react-slot": "1.0.2"
      },
      "peerDependencies": {
        "@types/react": "*",
        "@types/react-dom": "*",
        "react": "^16.8 || ^17.0 || ^18.0",
        "react-dom": "^16.8 || ^17.0 || ^18.0"
      },
      "peerDependenciesMeta": {
        "@types/react": {
          "optional": true
        },
        "@types/react-dom": {
          "optional": true
        }
      }
    },
    "node_modules/@radix-ui/react-compose-refs": {
      "version": "1.0.1",
      "license": "MIT",
      "dependencies": {
        "@babel/runtime": "^7.13.10"
      },
      "peerDependencies": {
        "@types/react": "*",
        "react": "^16.8 || ^17.0 || ^18.0"
      },
      "peerDependenciesMeta": {
        "@types/react": {
          "optional": true
        }
      }
    },
    "node_modules/@radix-ui/react-context": {
      "version": "1.0.1",
      "license": "MIT",
      "dependencies": {
        "@babel/runtime": "^7.13.10"
      },
      "peerDependencies": {
        "@types/react": "*",
        "react": "^16.8 || ^17.0 || ^18.0"
      },
      "peerDependenciesMeta": {
        "@types/react": {
          "optional": true
        }
      }
    },
    "node_modules/@radix-ui/react-direction": {
      "version": "1.0.1",
      "license": "MIT",
      "dependencies": {
        "@babel/runtime": "^7.13.10"
      },
      "peerDependencies": {
        "@types/react": "*",
        "react": "^16.8 || ^17.0 || ^18.0"
      },
      "peerDependenciesMeta": {
        "@types/react": {
          "optional": true
        }
      }
    },
    "node_modules/@radix-ui/react-dismissable-layer": {
      "version": "1.0.4",
      "license": "MIT",
      "dependencies": {
        "@babel/runtime": "^7.13.10",
        "@radix-ui/primitive": "1.0.1",
        "@radix-ui/react-compose-refs": "1.0.1",
        "@radix-ui/react-primitive": "1.0.3",
        "@radix-ui/react-use-callback-ref": "1.0.1",
        "@radix-ui/react-use-escape-keydown": "1.0.3"
      },
      "peerDependencies": {
        "@types/react": "*",
        "@types/react-dom": "*",
        "react": "^16.8 || ^17.0 || ^18.0",
        "react-dom": "^16.8 || ^17.0 || ^18.0"
      },
      "peerDependenciesMeta": {
        "@types/react": {
          "optional": true
        },
        "@types/react-dom": {
          "optional": true
        }
      }
    },
    "node_modules/@radix-ui/react-focus-guards": {
      "version": "1.0.1",
      "license": "MIT",
      "dependencies": {
        "@babel/runtime": "^7.13.10"
      },
      "peerDependencies": {
        "@types/react": "*",
        "react": "^16.8 || ^17.0 || ^18.0"
      },
      "peerDependenciesMeta": {
        "@types/react": {
          "optional": true
        }
      }
    },
    "node_modules/@radix-ui/react-focus-scope": {
      "version": "1.0.3",
      "license": "MIT",
      "dependencies": {
        "@babel/runtime": "^7.13.10",
        "@radix-ui/react-compose-refs": "1.0.1",
        "@radix-ui/react-primitive": "1.0.3",
        "@radix-ui/react-use-callback-ref": "1.0.1"
      },
      "peerDependencies": {
        "@types/react": "*",
        "@types/react-dom": "*",
        "react": "^16.8 || ^17.0 || ^18.0",
        "react-dom": "^16.8 || ^17.0 || ^18.0"
      },
      "peerDependenciesMeta": {
        "@types/react": {
          "optional": true
        },
        "@types/react-dom": {
          "optional": true
        }
      }
    },
    "node_modules/@radix-ui/react-id": {
      "version": "1.0.1",
      "license": "MIT",
      "dependencies": {
        "@babel/runtime": "^7.13.10",
        "@radix-ui/react-use-layout-effect": "1.0.1"
      },
      "peerDependencies": {
        "@types/react": "*",
        "react": "^16.8 || ^17.0 || ^18.0"
      },
      "peerDependenciesMeta": {
        "@types/react": {
          "optional": true
        }
      }
    },
    "node_modules/@radix-ui/react-popper": {
      "version": "1.1.2",
      "license": "MIT",
      "dependencies": {
        "@babel/runtime": "^7.13.10",
        "@floating-ui/react-dom": "^2.0.0",
        "@radix-ui/react-arrow": "1.0.3",
        "@radix-ui/react-compose-refs": "1.0.1",
        "@radix-ui/react-context": "1.0.1",
        "@radix-ui/react-primitive": "1.0.3",
        "@radix-ui/react-use-callback-ref": "1.0.1",
        "@radix-ui/react-use-layout-effect": "1.0.1",
        "@radix-ui/react-use-rect": "1.0.1",
        "@radix-ui/react-use-size": "1.0.1",
        "@radix-ui/rect": "1.0.1"
      },
      "peerDependencies": {
        "@types/react": "*",
        "@types/react-dom": "*",
        "react": "^16.8 || ^17.0 || ^18.0",
        "react-dom": "^16.8 || ^17.0 || ^18.0"
      },
      "peerDependenciesMeta": {
        "@types/react": {
          "optional": true
        },
        "@types/react-dom": {
          "optional": true
        }
      }
    },
    "node_modules/@radix-ui/react-portal": {
      "version": "1.0.3",
      "license": "MIT",
      "dependencies": {
        "@babel/runtime": "^7.13.10",
        "@radix-ui/react-primitive": "1.0.3"
      },
      "peerDependencies": {
        "@types/react": "*",
        "@types/react-dom": "*",
        "react": "^16.8 || ^17.0 || ^18.0",
        "react-dom": "^16.8 || ^17.0 || ^18.0"
      },
      "peerDependenciesMeta": {
        "@types/react": {
          "optional": true
        },
        "@types/react-dom": {
          "optional": true
        }
      }
    },
    "node_modules/@radix-ui/react-primitive": {
      "version": "1.0.3",
      "license": "MIT",
      "dependencies": {
        "@babel/runtime": "^7.13.10",
        "@radix-ui/react-slot": "1.0.2"
      },
      "peerDependencies": {
        "@types/react": "*",
        "@types/react-dom": "*",
        "react": "^16.8 || ^17.0 || ^18.0",
        "react-dom": "^16.8 || ^17.0 || ^18.0"
      },
      "peerDependenciesMeta": {
        "@types/react": {
          "optional": true
        },
        "@types/react-dom": {
          "optional": true
        }
      }
    },
    "node_modules/@radix-ui/react-roving-focus": {
      "version": "1.0.4",
      "license": "MIT",
      "dependencies": {
        "@babel/runtime": "^7.13.10",
        "@radix-ui/primitive": "1.0.1",
        "@radix-ui/react-collection": "1.0.3",
        "@radix-ui/react-compose-refs": "1.0.1",
        "@radix-ui/react-context": "1.0.1",
        "@radix-ui/react-direction": "1.0.1",
        "@radix-ui/react-id": "1.0.1",
        "@radix-ui/react-primitive": "1.0.3",
        "@radix-ui/react-use-callback-ref": "1.0.1",
        "@radix-ui/react-use-controllable-state": "1.0.1"
      },
      "peerDependencies": {
        "@types/react": "*",
        "@types/react-dom": "*",
        "react": "^16.8 || ^17.0 || ^18.0",
        "react-dom": "^16.8 || ^17.0 || ^18.0"
      },
      "peerDependenciesMeta": {
        "@types/react": {
          "optional": true
        },
        "@types/react-dom": {
          "optional": true
        }
      }
    },
    "node_modules/@radix-ui/react-select": {
      "version": "1.2.2",
      "license": "MIT",
      "dependencies": {
        "@babel/runtime": "^7.13.10",
        "@radix-ui/number": "1.0.1",
        "@radix-ui/primitive": "1.0.1",
        "@radix-ui/react-collection": "1.0.3",
        "@radix-ui/react-compose-refs": "1.0.1",
        "@radix-ui/react-context": "1.0.1",
        "@radix-ui/react-direction": "1.0.1",
        "@radix-ui/react-dismissable-layer": "1.0.4",
        "@radix-ui/react-focus-guards": "1.0.1",
        "@radix-ui/react-focus-scope": "1.0.3",
        "@radix-ui/react-id": "1.0.1",
        "@radix-ui/react-popper": "1.1.2",
        "@radix-ui/react-portal": "1.0.3",
        "@radix-ui/react-primitive": "1.0.3",
        "@radix-ui/react-slot": "1.0.2",
        "@radix-ui/react-use-callback-ref": "1.0.1",
        "@radix-ui/react-use-controllable-state": "1.0.1",
        "@radix-ui/react-use-layout-effect": "1.0.1",
        "@radix-ui/react-use-previous": "1.0.1",
        "@radix-ui/react-visually-hidden": "1.0.3",
        "aria-hidden": "^1.1.1",
        "react-remove-scroll": "2.5.5"
      },
      "peerDependencies": {
        "@types/react": "*",
        "@types/react-dom": "*",
        "react": "^16.8 || ^17.0 || ^18.0",
        "react-dom": "^16.8 || ^17.0 || ^18.0"
      },
      "peerDependenciesMeta": {
        "@types/react": {
          "optional": true
        },
        "@types/react-dom": {
          "optional": true
        }
      }
    },
    "node_modules/@radix-ui/react-separator": {
      "version": "1.0.3",
      "license": "MIT",
      "dependencies": {
        "@babel/runtime": "^7.13.10",
        "@radix-ui/react-primitive": "1.0.3"
      },
      "peerDependencies": {
        "@types/react": "*",
        "@types/react-dom": "*",
        "react": "^16.8 || ^17.0 || ^18.0",
        "react-dom": "^16.8 || ^17.0 || ^18.0"
      },
      "peerDependenciesMeta": {
        "@types/react": {
          "optional": true
        },
        "@types/react-dom": {
          "optional": true
        }
      }
    },
    "node_modules/@radix-ui/react-slot": {
      "version": "1.0.2",
      "license": "MIT",
      "dependencies": {
        "@babel/runtime": "^7.13.10",
        "@radix-ui/react-compose-refs": "1.0.1"
      },
      "peerDependencies": {
        "@types/react": "*",
        "react": "^16.8 || ^17.0 || ^18.0"
      },
      "peerDependenciesMeta": {
        "@types/react": {
          "optional": true
        }
      }
    },
    "node_modules/@radix-ui/react-toggle": {
      "version": "1.0.3",
      "license": "MIT",
      "dependencies": {
        "@babel/runtime": "^7.13.10",
        "@radix-ui/primitive": "1.0.1",
        "@radix-ui/react-primitive": "1.0.3",
        "@radix-ui/react-use-controllable-state": "1.0.1"
      },
      "peerDependencies": {
        "@types/react": "*",
        "@types/react-dom": "*",
        "react": "^16.8 || ^17.0 || ^18.0",
        "react-dom": "^16.8 || ^17.0 || ^18.0"
      },
      "peerDependenciesMeta": {
        "@types/react": {
          "optional": true
        },
        "@types/react-dom": {
          "optional": true
        }
      }
    },
    "node_modules/@radix-ui/react-toggle-group": {
      "version": "1.0.4",
      "license": "MIT",
      "dependencies": {
        "@babel/runtime": "^7.13.10",
        "@radix-ui/primitive": "1.0.1",
        "@radix-ui/react-context": "1.0.1",
        "@radix-ui/react-direction": "1.0.1",
        "@radix-ui/react-primitive": "1.0.3",
        "@radix-ui/react-roving-focus": "1.0.4",
        "@radix-ui/react-toggle": "1.0.3",
        "@radix-ui/react-use-controllable-state": "1.0.1"
      },
      "peerDependencies": {
        "@types/react": "*",
        "@types/react-dom": "*",
        "react": "^16.8 || ^17.0 || ^18.0",
        "react-dom": "^16.8 || ^17.0 || ^18.0"
      },
      "peerDependenciesMeta": {
        "@types/react": {
          "optional": true
        },
        "@types/react-dom": {
          "optional": true
        }
      }
    },
    "node_modules/@radix-ui/react-toolbar": {
      "version": "1.0.4",
      "license": "MIT",
      "dependencies": {
        "@babel/runtime": "^7.13.10",
        "@radix-ui/primitive": "1.0.1",
        "@radix-ui/react-context": "1.0.1",
        "@radix-ui/react-direction": "1.0.1",
        "@radix-ui/react-primitive": "1.0.3",
        "@radix-ui/react-roving-focus": "1.0.4",
        "@radix-ui/react-separator": "1.0.3",
        "@radix-ui/react-toggle-group": "1.0.4"
      },
      "peerDependencies": {
        "@types/react": "*",
        "@types/react-dom": "*",
        "react": "^16.8 || ^17.0 || ^18.0",
        "react-dom": "^16.8 || ^17.0 || ^18.0"
      },
      "peerDependenciesMeta": {
        "@types/react": {
          "optional": true
        },
        "@types/react-dom": {
          "optional": true
        }
      }
    },
    "node_modules/@radix-ui/react-use-callback-ref": {
      "version": "1.0.1",
      "license": "MIT",
      "dependencies": {
        "@babel/runtime": "^7.13.10"
      },
      "peerDependencies": {
        "@types/react": "*",
        "react": "^16.8 || ^17.0 || ^18.0"
      },
      "peerDependenciesMeta": {
        "@types/react": {
          "optional": true
        }
      }
    },
    "node_modules/@radix-ui/react-use-controllable-state": {
      "version": "1.0.1",
      "license": "MIT",
      "dependencies": {
        "@babel/runtime": "^7.13.10",
        "@radix-ui/react-use-callback-ref": "1.0.1"
      },
      "peerDependencies": {
        "@types/react": "*",
        "react": "^16.8 || ^17.0 || ^18.0"
      },
      "peerDependenciesMeta": {
        "@types/react": {
          "optional": true
        }
      }
    },
    "node_modules/@radix-ui/react-use-escape-keydown": {
      "version": "1.0.3",
      "license": "MIT",
      "dependencies": {
        "@babel/runtime": "^7.13.10",
        "@radix-ui/react-use-callback-ref": "1.0.1"
      },
      "peerDependencies": {
        "@types/react": "*",
        "react": "^16.8 || ^17.0 || ^18.0"
      },
      "peerDependenciesMeta": {
        "@types/react": {
          "optional": true
        }
      }
    },
    "node_modules/@radix-ui/react-use-layout-effect": {
      "version": "1.0.1",
      "license": "MIT",
      "dependencies": {
        "@babel/runtime": "^7.13.10"
      },
      "peerDependencies": {
        "@types/react": "*",
        "react": "^16.8 || ^17.0 || ^18.0"
      },
      "peerDependenciesMeta": {
        "@types/react": {
          "optional": true
        }
      }
    },
    "node_modules/@radix-ui/react-use-previous": {
      "version": "1.0.1",
      "license": "MIT",
      "dependencies": {
        "@babel/runtime": "^7.13.10"
      },
      "peerDependencies": {
        "@types/react": "*",
        "react": "^16.8 || ^17.0 || ^18.0"
      },
      "peerDependenciesMeta": {
        "@types/react": {
          "optional": true
        }
      }
    },
    "node_modules/@radix-ui/react-use-rect": {
      "version": "1.0.1",
      "license": "MIT",
      "dependencies": {
        "@babel/runtime": "^7.13.10",
        "@radix-ui/rect": "1.0.1"
      },
      "peerDependencies": {
        "@types/react": "*",
        "react": "^16.8 || ^17.0 || ^18.0"
      },
      "peerDependenciesMeta": {
        "@types/react": {
          "optional": true
        }
      }
    },
    "node_modules/@radix-ui/react-use-size": {
      "version": "1.0.1",
      "license": "MIT",
      "dependencies": {
        "@babel/runtime": "^7.13.10",
        "@radix-ui/react-use-layout-effect": "1.0.1"
      },
      "peerDependencies": {
        "@types/react": "*",
        "react": "^16.8 || ^17.0 || ^18.0"
      },
      "peerDependenciesMeta": {
        "@types/react": {
          "optional": true
        }
      }
    },
    "node_modules/@radix-ui/react-visually-hidden": {
      "version": "1.0.3",
      "license": "MIT",
      "dependencies": {
        "@babel/runtime": "^7.13.10",
        "@radix-ui/react-primitive": "1.0.3"
      },
      "peerDependencies": {
        "@types/react": "*",
        "@types/react-dom": "*",
        "react": "^16.8 || ^17.0 || ^18.0",
        "react-dom": "^16.8 || ^17.0 || ^18.0"
      },
      "peerDependenciesMeta": {
        "@types/react": {
          "optional": true
        },
        "@types/react-dom": {
          "optional": true
        }
      }
    },
    "node_modules/@radix-ui/rect": {
      "version": "1.0.1",
      "license": "MIT",
      "dependencies": {
        "@babel/runtime": "^7.13.10"
      }
    },
    "node_modules/@storybook/addons": {
      "version": "7.4.2",
      "resolved": "https://registry.npmjs.org/@storybook/addons/-/addons-7.4.2.tgz",
      "integrity": "sha512-3snQVlTIKgzk6apNZc9sHr+0n4riiQkKGUkoHS8B1G90qj/9OyRnkDq55A7mJ9CxskqIjei5Q+hlko87g0jDsA==",
      "dependencies": {
        "@storybook/manager-api": "7.4.2",
        "@storybook/preview-api": "7.4.2",
        "@storybook/types": "7.4.2"
      },
      "funding": {
        "type": "opencollective",
        "url": "https://opencollective.com/storybook"
      },
      "peerDependencies": {
        "react": "^16.8.0 || ^17.0.0 || ^18.0.0",
        "react-dom": "^16.8.0 || ^17.0.0 || ^18.0.0"
      }
    },
    "node_modules/@storybook/api": {
      "version": "7.4.2",
      "resolved": "https://registry.npmjs.org/@storybook/api/-/api-7.4.2.tgz",
      "integrity": "sha512-PlabiAKGhngZWtArh7GbgGnfOV5kmlsvfBgcswl2gQ6a44N4gxL+8ftGvGrfX15ykFEzrtYXCCT44FmTmqS5xg==",
      "dependencies": {
        "@storybook/client-logger": "7.4.2",
        "@storybook/manager-api": "7.4.2"
      },
      "funding": {
        "type": "opencollective",
        "url": "https://opencollective.com/storybook"
      },
      "peerDependencies": {
        "react": "^16.8.0 || ^17.0.0 || ^18.0.0",
        "react-dom": "^16.8.0 || ^17.0.0 || ^18.0.0"
      },
      "peerDependenciesMeta": {
        "react": {
          "optional": true
        },
        "react-dom": {
          "optional": true
        }
      }
    },
    "node_modules/@storybook/channels": {
      "version": "7.4.2",
      "license": "MIT",
      "dependencies": {
        "@storybook/client-logger": "7.4.2",
        "@storybook/core-events": "7.4.2",
        "@storybook/global": "^5.0.0",
        "qs": "^6.10.0",
        "telejson": "^7.2.0",
        "tiny-invariant": "^1.3.1"
      },
      "funding": {
        "type": "opencollective",
        "url": "https://opencollective.com/storybook"
      }
    },
    "node_modules/@storybook/client-logger": {
      "version": "7.4.2",
      "license": "MIT",
      "dependencies": {
        "@storybook/global": "^5.0.0"
      },
      "funding": {
        "type": "opencollective",
        "url": "https://opencollective.com/storybook"
      }
    },
    "node_modules/@storybook/components": {
      "version": "7.4.2",
      "resolved": "https://registry.npmjs.org/@storybook/components/-/components-7.4.2.tgz",
      "integrity": "sha512-ecbDzSUd74vf6IwHsbQr+9mVRxKWLmwd9zJ8RHMcR8UejTRAAR/eVvYoCG331TQ8TrhTmHTy5xCVv47pm6ORkQ==",
      "dependencies": {
        "@radix-ui/react-select": "^1.2.2",
        "@radix-ui/react-toolbar": "^1.0.4",
        "@storybook/client-logger": "7.4.2",
        "@storybook/csf": "^0.1.0",
        "@storybook/global": "^5.0.0",
        "@storybook/theming": "7.4.2",
        "@storybook/types": "7.4.2",
        "memoizerific": "^1.11.3",
        "use-resize-observer": "^9.1.0",
        "util-deprecate": "^1.0.2"
      },
      "funding": {
        "type": "opencollective",
        "url": "https://opencollective.com/storybook"
      },
      "peerDependencies": {
        "react": "^16.8.0 || ^17.0.0 || ^18.0.0",
        "react-dom": "^16.8.0 || ^17.0.0 || ^18.0.0"
      }
    },
    "node_modules/@storybook/core-events": {
      "version": "7.4.2",
      "license": "MIT",
      "dependencies": {
        "ts-dedent": "^2.0.0"
      },
      "funding": {
        "type": "opencollective",
        "url": "https://opencollective.com/storybook"
      }
    },
    "node_modules/@storybook/csf": {
      "version": "0.1.1",
      "license": "MIT",
      "dependencies": {
        "type-fest": "^2.19.0"
      }
    },
    "node_modules/@storybook/global": {
      "version": "5.0.0",
      "license": "MIT"
    },
    "node_modules/@storybook/manager-api": {
      "version": "7.4.2",
      "license": "MIT",
      "dependencies": {
        "@storybook/channels": "7.4.2",
        "@storybook/client-logger": "7.4.2",
        "@storybook/core-events": "7.4.2",
        "@storybook/csf": "^0.1.0",
        "@storybook/global": "^5.0.0",
        "@storybook/router": "7.4.2",
        "@storybook/theming": "7.4.2",
        "@storybook/types": "7.4.2",
        "dequal": "^2.0.2",
        "lodash": "^4.17.21",
        "memoizerific": "^1.11.3",
        "semver": "^7.3.7",
        "store2": "^2.14.2",
        "telejson": "^7.2.0",
        "ts-dedent": "^2.0.0"
      },
      "funding": {
        "type": "opencollective",
        "url": "https://opencollective.com/storybook"
      },
      "peerDependencies": {
        "react": "^16.8.0 || ^17.0.0 || ^18.0.0",
        "react-dom": "^16.8.0 || ^17.0.0 || ^18.0.0"
      }
    },
    "node_modules/@storybook/preview-api": {
      "version": "7.4.2",
      "license": "MIT",
      "dependencies": {
        "@storybook/channels": "7.4.2",
        "@storybook/client-logger": "7.4.2",
        "@storybook/core-events": "7.4.2",
        "@storybook/csf": "^0.1.0",
        "@storybook/global": "^5.0.0",
        "@storybook/types": "7.4.2",
        "@types/qs": "^6.9.5",
        "dequal": "^2.0.2",
        "lodash": "^4.17.21",
        "memoizerific": "^1.11.3",
        "qs": "^6.10.0",
        "synchronous-promise": "^2.0.15",
        "ts-dedent": "^2.0.0",
        "util-deprecate": "^1.0.2"
      },
      "funding": {
        "type": "opencollective",
        "url": "https://opencollective.com/storybook"
      }
    },
    "node_modules/@storybook/router": {
      "version": "7.4.2",
      "license": "MIT",
      "dependencies": {
        "@storybook/client-logger": "7.4.2",
        "memoizerific": "^1.11.3",
        "qs": "^6.10.0"
      },
      "funding": {
        "type": "opencollective",
        "url": "https://opencollective.com/storybook"
      },
      "peerDependencies": {
        "react": "^16.8.0 || ^17.0.0 || ^18.0.0",
        "react-dom": "^16.8.0 || ^17.0.0 || ^18.0.0"
      }
    },
    "node_modules/@storybook/theming": {
      "version": "7.4.2",
      "license": "MIT",
      "dependencies": {
        "@emotion/use-insertion-effect-with-fallbacks": "^1.0.0",
        "@storybook/client-logger": "7.4.2",
        "@storybook/global": "^5.0.0",
        "memoizerific": "^1.11.3"
      },
      "funding": {
        "type": "opencollective",
        "url": "https://opencollective.com/storybook"
      },
      "peerDependencies": {
        "react": "^16.8.0 || ^17.0.0 || ^18.0.0",
        "react-dom": "^16.8.0 || ^17.0.0 || ^18.0.0"
      }
    },
    "node_modules/@storybook/types": {
      "version": "7.4.2",
      "license": "MIT",
      "dependencies": {
        "@storybook/channels": "7.4.2",
        "@types/babel__core": "^7.0.0",
        "@types/express": "^4.7.0",
        "file-system-cache": "2.3.0"
      },
      "funding": {
        "type": "opencollective",
        "url": "https://opencollective.com/storybook"
      }
    },
    "node_modules/@types/babel__core": {
      "version": "7.20.2",
      "license": "MIT",
      "dependencies": {
        "@babel/parser": "^7.20.7",
        "@babel/types": "^7.20.7",
        "@types/babel__generator": "*",
        "@types/babel__template": "*",
        "@types/babel__traverse": "*"
      }
    },
    "node_modules/@types/babel__generator": {
      "version": "7.6.5",
      "license": "MIT",
      "dependencies": {
        "@babel/types": "^7.0.0"
      }
    },
    "node_modules/@types/babel__template": {
      "version": "7.4.2",
      "license": "MIT",
      "dependencies": {
        "@babel/parser": "^7.1.0",
        "@babel/types": "^7.0.0"
      }
    },
    "node_modules/@types/babel__traverse": {
      "version": "7.20.2",
      "license": "MIT",
      "dependencies": {
        "@babel/types": "^7.20.7"
      }
    },
    "node_modules/@types/body-parser": {
      "version": "1.19.3",
      "license": "MIT",
      "dependencies": {
        "@types/connect": "*",
        "@types/node": "*"
      }
    },
    "node_modules/@types/connect": {
      "version": "3.4.36",
      "license": "MIT",
      "dependencies": {
        "@types/node": "*"
      }
    },
    "node_modules/@types/express": {
      "version": "4.17.17",
      "license": "MIT",
      "dependencies": {
        "@types/body-parser": "*",
        "@types/express-serve-static-core": "^4.17.33",
        "@types/qs": "*",
        "@types/serve-static": "*"
      }
    },
    "node_modules/@types/express-serve-static-core": {
      "version": "4.17.36",
      "license": "MIT",
      "dependencies": {
        "@types/node": "*",
        "@types/qs": "*",
        "@types/range-parser": "*",
        "@types/send": "*"
      }
    },
    "node_modules/@types/hast": {
      "version": "2.3.6",
      "license": "MIT",
      "dependencies": {
        "@types/unist": "^2"
      }
    },
    "node_modules/@types/http-errors": {
      "version": "2.0.2",
      "license": "MIT"
    },
    "node_modules/@types/mime": {
      "version": "1.3.2",
      "license": "MIT"
    },
    "node_modules/@types/node": {
      "version": "20.6.2",
      "license": "MIT"
    },
    "node_modules/@types/qs": {
      "version": "6.9.8",
      "license": "MIT"
    },
    "node_modules/@types/range-parser": {
      "version": "1.2.4",
      "license": "MIT"
    },
    "node_modules/@types/send": {
      "version": "0.17.1",
      "license": "MIT",
      "dependencies": {
        "@types/mime": "^1",
        "@types/node": "*"
      }
    },
    "node_modules/@types/serve-static": {
      "version": "1.15.2",
      "license": "MIT",
      "dependencies": {
        "@types/http-errors": "*",
        "@types/mime": "*",
        "@types/node": "*"
      }
    },
    "node_modules/@types/unist": {
      "version": "2.0.8",
      "license": "MIT"
    },
    "node_modules/aria-hidden": {
      "version": "1.2.3",
      "license": "MIT",
      "dependencies": {
        "tslib": "^2.0.0"
      },
      "engines": {
        "node": ">=10"
      }
    },
    "node_modules/call-bind": {
      "version": "1.0.2",
      "license": "MIT",
      "dependencies": {
        "function-bind": "^1.1.1",
        "get-intrinsic": "^1.0.2"
      },
      "funding": {
        "url": "https://github.com/sponsors/ljharb"
      }
    },
    "node_modules/character-entities": {
      "version": "1.2.4",
      "license": "MIT",
      "funding": {
        "type": "github",
        "url": "https://github.com/sponsors/wooorm"
      }
    },
    "node_modules/character-entities-legacy": {
      "version": "1.1.4",
      "license": "MIT",
      "funding": {
        "type": "github",
        "url": "https://github.com/sponsors/wooorm"
      }
    },
    "node_modules/character-reference-invalid": {
      "version": "1.1.4",
      "license": "MIT",
      "funding": {
        "type": "github",
        "url": "https://github.com/sponsors/wooorm"
      }
    },
    "node_modules/comma-separated-tokens": {
      "version": "1.0.8",
      "license": "MIT",
      "funding": {
        "type": "github",
        "url": "https://github.com/sponsors/wooorm"
      }
    },
    "node_modules/dequal": {
      "version": "2.0.3",
      "license": "MIT",
      "engines": {
        "node": ">=6"
      }
    },
    "node_modules/detect-node-es": {
      "version": "1.1.0",
      "license": "MIT"
    },
    "node_modules/fault": {
      "version": "1.0.4",
      "license": "MIT",
      "dependencies": {
        "format": "^0.2.0"
      },
      "funding": {
        "type": "github",
        "url": "https://github.com/sponsors/wooorm"
      }
    },
    "node_modules/file-system-cache": {
      "version": "2.3.0",
      "license": "MIT",
      "dependencies": {
        "fs-extra": "11.1.1",
        "ramda": "0.29.0"
      }
    },
    "node_modules/format": {
      "version": "0.2.2",
      "engines": {
        "node": ">=0.4.x"
      }
    },
    "node_modules/fs-extra": {
      "version": "11.1.1",
      "license": "MIT",
      "dependencies": {
        "graceful-fs": "^4.2.0",
        "jsonfile": "^6.0.1",
        "universalify": "^2.0.0"
      },
      "engines": {
        "node": ">=14.14"
      }
    },
    "node_modules/function-bind": {
      "version": "1.1.1",
      "license": "MIT"
    },
    "node_modules/get-intrinsic": {
      "version": "1.2.1",
      "license": "MIT",
      "dependencies": {
        "function-bind": "^1.1.1",
        "has": "^1.0.3",
        "has-proto": "^1.0.1",
        "has-symbols": "^1.0.3"
      },
      "funding": {
        "url": "https://github.com/sponsors/ljharb"
      }
    },
    "node_modules/get-nonce": {
      "version": "1.0.1",
      "license": "MIT",
      "engines": {
        "node": ">=6"
      }
    },
    "node_modules/graceful-fs": {
      "version": "4.2.11",
      "license": "ISC"
    },
    "node_modules/has": {
      "version": "1.0.3",
      "license": "MIT",
      "dependencies": {
        "function-bind": "^1.1.1"
      },
      "engines": {
        "node": ">= 0.4.0"
      }
    },
    "node_modules/has-proto": {
      "version": "1.0.1",
      "license": "MIT",
      "engines": {
        "node": ">= 0.4"
      },
      "funding": {
        "url": "https://github.com/sponsors/ljharb"
      }
    },
    "node_modules/has-symbols": {
      "version": "1.0.3",
      "license": "MIT",
      "engines": {
        "node": ">= 0.4"
      },
      "funding": {
        "url": "https://github.com/sponsors/ljharb"
      }
    },
    "node_modules/hast-util-parse-selector": {
      "version": "2.2.5",
      "license": "MIT",
      "funding": {
        "type": "opencollective",
        "url": "https://opencollective.com/unified"
      }
    },
    "node_modules/hastscript": {
      "version": "6.0.0",
      "license": "MIT",
      "dependencies": {
        "@types/hast": "^2.0.0",
        "comma-separated-tokens": "^1.0.0",
        "hast-util-parse-selector": "^2.0.0",
        "property-information": "^5.0.0",
        "space-separated-tokens": "^1.0.0"
      },
      "funding": {
        "type": "opencollective",
        "url": "https://opencollective.com/unified"
      }
    },
    "node_modules/highlight.js": {
      "version": "10.7.3",
      "resolved": "https://registry.npmjs.org/highlight.js/-/highlight.js-10.7.3.tgz",
      "integrity": "sha512-tzcUFauisWKNHaRkN4Wjl/ZA07gENAjFl3J/c480dprkGTg5EQstgaNFqBfUqCq54kZRIEcreTsAgF/m2quD7A==",
      "engines": {
        "node": "*"
      }
    },
    "node_modules/invariant": {
      "version": "2.2.4",
      "license": "MIT",
      "dependencies": {
        "loose-envify": "^1.0.0"
      }
    },
    "node_modules/is-alphabetical": {
      "version": "1.0.4",
      "license": "MIT",
      "funding": {
        "type": "github",
        "url": "https://github.com/sponsors/wooorm"
      }
    },
    "node_modules/is-alphanumerical": {
      "version": "1.0.4",
      "license": "MIT",
      "dependencies": {
        "is-alphabetical": "^1.0.0",
        "is-decimal": "^1.0.0"
      },
      "funding": {
        "type": "github",
        "url": "https://github.com/sponsors/wooorm"
      }
    },
    "node_modules/is-decimal": {
      "version": "1.0.4",
      "license": "MIT",
      "funding": {
        "type": "github",
        "url": "https://github.com/sponsors/wooorm"
      }
    },
    "node_modules/is-hexadecimal": {
      "version": "1.0.4",
      "license": "MIT",
      "funding": {
        "type": "github",
        "url": "https://github.com/sponsors/wooorm"
      }
    },
    "node_modules/js-tokens": {
      "version": "4.0.0",
      "license": "MIT"
    },
    "node_modules/jsonfile": {
      "version": "6.1.0",
      "license": "MIT",
      "dependencies": {
        "universalify": "^2.0.0"
      },
      "optionalDependencies": {
        "graceful-fs": "^4.1.6"
      }
    },
    "node_modules/lodash": {},
    "node_modules/loose-envify": {
      "version": "1.4.0",
      "license": "MIT",
      "dependencies": {
        "js-tokens": "^3.0.0 || ^4.0.0"
      },
      "bin": {
        "loose-envify": "cli.js"
      }
    },
    "node_modules/lowlight": {
      "version": "1.20.0",
      "license": "MIT",
      "dependencies": {
        "fault": "^1.0.0",
        "highlight.js": "~10.7.0"
      },
      "funding": {
        "type": "github",
        "url": "https://github.com/sponsors/wooorm"
      }
    },
    "node_modules/lru-cache": {
      "version": "6.0.0",
      "license": "ISC",
      "dependencies": {
        "yallist": "^4.0.0"
      },
      "engines": {
        "node": ">=10"
      }
    },
    "node_modules/map-or-similar": {
      "version": "1.5.0",
      "license": "MIT"
    },
    "node_modules/memoizerific": {
      "version": "1.11.3",
      "license": "MIT",
      "dependencies": {
        "map-or-similar": "^1.5.0"
      }
    },
    "node_modules/object-inspect": {
      "version": "1.12.3",
      "license": "MIT",
      "funding": {
        "url": "https://github.com/sponsors/ljharb"
      }
    },
    "node_modules/parse-entities": {
      "version": "2.0.0",
      "license": "MIT",
      "dependencies": {
        "character-entities": "^1.0.0",
        "character-entities-legacy": "^1.0.0",
        "character-reference-invalid": "^1.0.0",
        "is-alphanumerical": "^1.0.0",
        "is-decimal": "^1.0.0",
        "is-hexadecimal": "^1.0.0"
      },
      "funding": {
        "type": "github",
        "url": "https://github.com/sponsors/wooorm"
      }
    },
    "node_modules/prismjs": {
      "version": "1.29.0",
      "resolved": "https://registry.npmjs.org/prismjs/-/prismjs-1.29.0.tgz",
      "integrity": "sha512-Kx/1w86q/epKcmte75LNrEoT+lX8pBpavuAbvJWRXar7Hz8jrtF+e3vY751p0R8H9HdArwaCTNDDzHg/ScJK1Q==",
      "engines": {
        "node": ">=6"
      }
    },
    "node_modules/property-information": {
      "version": "5.6.0",
      "license": "MIT",
      "dependencies": {
        "xtend": "^4.0.0"
      },
      "funding": {
        "type": "github",
        "url": "https://github.com/sponsors/wooorm"
      }
    },
    "node_modules/qs": {
      "version": "6.11.2",
      "license": "BSD-3-Clause",
      "dependencies": {
        "side-channel": "^1.0.4"
      },
      "engines": {
        "node": ">=0.6"
      },
      "funding": {
        "url": "https://github.com/sponsors/ljharb"
      }
    },
    "node_modules/ramda": {},
    "node_modules/react": {
      "version": "18.2.0",
      "resolved": "https://registry.npmjs.org/react/-/react-18.2.0.tgz",
      "integrity": "sha512-/3IjMdb2L9QbBdWiW5e3P2/npwMBaU9mHCSCUzNln0ZCYbcfTsGbTJrU/kGemdH2IWmB2ioZ+zkxtmq6g09fGQ==",
      "dependencies": {
        "loose-envify": "^1.1.0"
      },
      "engines": {
        "node": ">=0.10.0"
      }
    },
    "node_modules/react-dom": {
      "version": "18.2.0",
      "license": "MIT",
      "peer": true,
      "dependencies": {
        "loose-envify": "^1.1.0",
        "scheduler": "^0.23.0"
      },
      "peerDependencies": {
        "react": "^18.2.0"
      }
    },
    "node_modules/react-remove-scroll": {
      "version": "2.5.5",
      "license": "MIT",
      "dependencies": {
        "react-remove-scroll-bar": "^2.3.3",
        "react-style-singleton": "^2.2.1",
        "tslib": "^2.1.0",
        "use-callback-ref": "^1.3.0",
        "use-sidecar": "^1.1.2"
      },
      "engines": {
        "node": ">=10"
      },
      "peerDependencies": {
        "@types/react": "^16.8.0 || ^17.0.0 || ^18.0.0",
        "react": "^16.8.0 || ^17.0.0 || ^18.0.0"
      },
      "peerDependenciesMeta": {
        "@types/react": {
          "optional": true
        }
      }
    },
    "node_modules/react-remove-scroll-bar": {
      "version": "2.3.4",
      "license": "MIT",
      "dependencies": {
        "react-style-singleton": "^2.2.1",
        "tslib": "^2.0.0"
      },
      "engines": {
        "node": ">=10"
      },
      "peerDependencies": {
        "@types/react": "^16.8.0 || ^17.0.0 || ^18.0.0",
        "react": "^16.8.0 || ^17.0.0 || ^18.0.0"
      },
      "peerDependenciesMeta": {
        "@types/react": {
          "optional": true
        }
      }
    },
    "node_modules/react-style-singleton": {
      "version": "2.2.1",
      "license": "MIT",
      "dependencies": {
        "get-nonce": "^1.0.0",
        "invariant": "^2.2.4",
        "tslib": "^2.0.0"
      },
      "engines": {
        "node": ">=10"
      },
      "peerDependencies": {
        "@types/react": "^16.8.0 || ^17.0.0 || ^18.0.0",
        "react": "^16.8.0 || ^17.0.0 || ^18.0.0"
      },
      "peerDependenciesMeta": {
        "@types/react": {
          "optional": true
        }
      }
    },
    "node_modules/react-syntax-highlighter": {
      "version": "15.5.0",
      "resolved": "https://registry.npmjs.org/react-syntax-highlighter/-/react-syntax-highlighter-15.5.0.tgz",
      "integrity": "sha512-+zq2myprEnQmH5yw6Gqc8lD55QHnpKaU8TOcFeC/Lg/MQSs8UknEA0JC4nTZGFAXC2J2Hyj/ijJ7NlabyPi2gg==",
      "dependencies": {
        "@babel/runtime": "^7.3.1",
        "highlight.js": "^10.4.1",
        "lowlight": "^1.17.0",
        "prismjs": "^1.27.0",
        "refractor": "^3.6.0"
      },
      "peerDependencies": {
        "react": ">= 0.14.0"
      }
    },
    "node_modules/refractor": {
      "version": "3.6.0",
      "license": "MIT",
      "dependencies": {
        "hastscript": "^6.0.0",
        "parse-entities": "^2.0.0",
        "prismjs": "~1.27.0"
      },
      "funding": {
        "type": "github",
        "url": "https://github.com/sponsors/wooorm"
      }
    },
    "node_modules/refractor/node_modules/prismjs": {},
    "node_modules/regenerator-runtime": {
      "version": "0.14.0",
      "license": "MIT"
    },
    "node_modules/scheduler": {
      "version": "0.23.0",
      "license": "MIT",
      "peer": true,
      "dependencies": {
        "loose-envify": "^1.1.0"
      }
    },
    "node_modules/semver": {
      "version": "7.5.4",
      "license": "ISC",
      "dependencies": {
        "lru-cache": "^6.0.0"
      },
      "bin": {
        "semver": "bin/semver.js"
      },
      "engines": {
        "node": ">=10"
      }
    },
    "node_modules/side-channel": {
      "version": "1.0.4",
      "license": "MIT",
      "dependencies": {
        "call-bind": "^1.0.0",
        "get-intrinsic": "^1.0.2",
        "object-inspect": "^1.9.0"
      },
      "funding": {
        "url": "https://github.com/sponsors/ljharb"
      }
    },
    "node_modules/space-separated-tokens": {
      "version": "1.1.5",
      "license": "MIT",
      "funding": {
        "type": "github",
        "url": "https://github.com/sponsors/wooorm"
      }
    },
    "node_modules/store2": {
      "version": "2.14.2",
      "license": "(MIT OR GPL-3.0)"
    },
    "node_modules/synchronous-promise": {
      "version": "2.0.17",
      "license": "BSD-3-Clause"
    },
    "node_modules/telejson": {
      "version": "7.2.0",
      "license": "MIT",
      "dependencies": {
        "memoizerific": "^1.11.3"
      }
    },
    "node_modules/tiny-invariant": {
      "version": "1.3.1",
      "license": "MIT"
    },
    "node_modules/to-fast-properties": {
      "version": "2.0.0",
      "license": "MIT",
      "engines": {
        "node": ">=4"
      }
    },
    "node_modules/ts-dedent": {
      "version": "2.2.0",
      "license": "MIT",
      "engines": {
        "node": ">=6.10"
      }
    },
    "node_modules/tslib": {
      "version": "2.6.2",
      "license": "0BSD"
    },
    "node_modules/type-fest": {
      "version": "2.19.0",
      "license": "(MIT OR CC0-1.0)",
      "engines": {
        "node": ">=12.20"
      },
      "funding": {
        "url": "https://github.com/sponsors/sindresorhus"
      }
    },
    "node_modules/universalify": {
      "version": "2.0.0",
      "license": "MIT",
      "engines": {
        "node": ">= 10.0.0"
      }
    },
    "node_modules/use-callback-ref": {
      "version": "1.3.0",
      "license": "MIT",
      "dependencies": {
        "tslib": "^2.0.0"
      },
      "engines": {
        "node": ">=10"
      },
      "peerDependencies": {
        "@types/react": "^16.8.0 || ^17.0.0 || ^18.0.0",
        "react": "^16.8.0 || ^17.0.0 || ^18.0.0"
      },
      "peerDependenciesMeta": {
        "@types/react": {
          "optional": true
        }
      }
    },
    "node_modules/use-resize-observer": {
      "version": "9.1.0",
      "license": "MIT",
      "dependencies": {
        "@juggle/resize-observer": "^3.3.1"
      },
      "peerDependencies": {
        "react": "16.8.0 - 18",
        "react-dom": "16.8.0 - 18"
      }
    },
    "node_modules/use-sidecar": {
      "version": "1.1.2",
      "license": "MIT",
      "dependencies": {
        "detect-node-es": "^1.1.0",
        "tslib": "^2.0.0"
      },
      "engines": {
        "node": ">=10"
      },
      "peerDependencies": {
        "@types/react": "^16.9.0 || ^17.0.0 || ^18.0.0",
        "react": "^16.8.0 || ^17.0.0 || ^18.0.0"
      },
      "peerDependenciesMeta": {
        "@types/react": {
          "optional": true
        }
      }
    },
    "node_modules/util-deprecate": {
      "version": "1.0.2",
      "license": "MIT"
    },
    "node_modules/xtend": {
      "version": "4.0.2",
      "license": "MIT",
      "engines": {
        "node": ">=0.4"
      }
    },
    "node_modules/yallist": {
      "version": "4.0.0",
      "license": "ISC"
    }
  }
}
